Microsoft Visual Studio Solution File, Format Version 12.00
# Visual Studio 15
VisualStudioVersion = 15.0.26124.0
MinimumVisualStudioVersion = 15.0.26124.0
Project("{9A19103F-16F7-4668-BE54-9A1E7A4F7556}") = "Presentation", "Presentation\Presentation.csproj", "{21C68744-BD19-4716-92E1-0C90A6812925}"
EndProject
Project("{2150E333-8FDC-42A3-9474-1A3956D46DE8}") = "1 - Presentation", "1 - Presentation", "{92F112A9-0EB5-4D34-A7AE-A87EC722191C}"
EndProject
Project("{2150E333-8FDC-42A3-9474-1A3956D46DE8}") = "2 - Business", "2 - Business", "{71F1455A-FD38-482E-A684-7F2AD667E79E}"
EndProject
Project("{2150E333-8FDC-42A3-9474-1A3956D46DE8}") = "3 - DataAccess", "3 - DataAccess", "{D1A37947-F195-4451-9F0D-378C0EEB6821}"
EndProject
Project("{2150E333-8FDC-42A3-9474-1A3956D46DE8}") = "4 - Domain", "4 - Domain", "{8C4C95D0-DEE4-4477-88F4-74EFFB4072BD}"
EndProject
Project("{FAE04EC0-301F-11D3-BF4B-00C04F79EFBC}") = "Domain.Repository", "Domain.Repository\Domain.Repository.csproj", "{30219A3C-C84C-43F5-88C0-F08773AC87D3}"
EndProject
Project("{FAE04EC0-301F-11D3-BF4B-00C04F79EFBC}") = "Domain.Business", "Domain.Business\Domain.Business.csproj", "{4C7DA0B7-2383-4E51-9992-8A69F1DBA4A7}"
EndProject
Project("{2150E333-8FDC-42A3-9474-1A3956D46DE8}") = "6 - DataBase", "6 - DataBase", "{C7899981-269A-4B98-9CBB-50683A9E21EA}"
EndProject
Project("{2150E333-8FDC-42A3-9474-1A3956D46DE8}") = "7 - DockerFiles", "7 - DockerFiles", "{FA3E79C6-58FE-4681-8220-41B9C96F68B9}"
EndProject
Project("{FAE04EC0-301F-11D3-BF4B-00C04F79EFBC}") = "Business", "Business\Business.csproj", "{FEDBAC0B-1236-4F5C-9A84-59D75C290B6A}"
EndProject
Project("{FAE04EC0-301F-11D3-BF4B-00C04F79EFBC}") = "DataAccess", "DataAccess\DataAccess.csproj", "{BCE0E5D2-ABC2-4699-9AF1-DD820411CBC6}"
EndProject
Project("{2150E333-8FDC-42A3-9474-1A3956D46DE8}") = "5 - DependencyInjector", "5 - DependencyInjector", "{F8318EBD-1802-4455-BC84-7BF180F66202}"
EndProject
Project("{FAE04EC0-301F-11D3-BF4B-00C04F79EFBC}") = "DependencyInjector", "DependencyInjector\DependencyInjector.csproj", "{253383A1-3FA7-4EA4-9615-E667809C74F5}"
EndProject
Global
	GlobalSection(SolutionConfigurationPlatforms) = preSolution
		Debug|Any CPU = Debug|Any CPU
		Debug|x64 = Debug|x64
		Debug|x86 = Debug|x86
		Release|Any CPU = Release|Any CPU
		Release|x64 = Release|x64
		Release|x86 = Release|x86
	EndGlobalSection
	GlobalSection(ProjectConfigurationPlatforms) = postSolution
		{21C68744-BD19-4716-92E1-0C90A6812925}.Debug|Any CPU.ActiveCfg = Debug|Any CPU
		{21C68744-BD19-4716-92E1-0C90A6812925}.Debug|Any CPU.Build.0 = Debug|Any CPU
		{21C68744-BD19-4716-92E1-0C90A6812925}.Debug|x64.ActiveCfg = Debug|Any CPU
		{21C68744-BD19-4716-92E1-0C90A6812925}.Debug|x64.Build.0 = Debug|Any CPU
		{21C68744-BD19-4716-92E1-0C90A6812925}.Debug|x86.ActiveCfg = Debug|Any CPU
		{21C68744-BD19-4716-92E1-0C90A6812925}.Debug|x86.Build.0 = Debug|Any CPU
		{21C68744-BD19-4716-92E1-0C90A6812925}.Release|Any CPU.ActiveCfg = Release|Any CPU
		{21C68744-BD19-4716-92E1-0C90A6812925}.Release|Any CPU.Build.0 = Release|Any CPU
		{21C68744-BD19-4716-92E1-0C90A6812925}.Release|x64.ActiveCfg = Release|Any CPU
		{21C68744-BD19-4716-92E1-0C90A6812925}.Release|x64.Build.0 = Release|Any CPU
		{21C68744-BD19-4716-92E1-0C90A6812925}.Release|x86.ActiveCfg = Release|Any CPU
		{21C68744-BD19-4716-92E1-0C90A6812925}.Release|x86.Build.0 = Release|Any CPU
		{30219A3C-C84C-43F5-88C0-F08773AC87D3}.Debug|Any CPU.ActiveCfg = Debug|Any CPU
		{30219A3C-C84C-43F5-88C0-F08773AC87D3}.Debug|Any CPU.Build.0 = Debug|Any CPU
		{30219A3C-C84C-43F5-88C0-F08773AC87D3}.Debug|x64.ActiveCfg = Debug|Any CPU
		{30219A3C-C84C-43F5-88C0-F08773AC87D3}.Debug|x64.Build.0 = Debug|Any CPU
		{30219A3C-C84C-43F5-88C0-F08773AC87D3}.Debug|x86.ActiveCfg = Debug|Any CPU
		{30219A3C-C84C-43F5-88C0-F08773AC87D3}.Debug|x86.Build.0 = Debug|Any CPU
		{30219A3C-C84C-43F5-88C0-F08773AC87D3}.Release|Any CPU.ActiveCfg = Release|Any CPU
		{30219A3C-C84C-43F5-88C0-F08773AC87D3}.Release|Any CPU.Build.0 = Release|Any CPU
		{30219A3C-C84C-43F5-88C0-F08773AC87D3}.Release|x64.ActiveCfg = Release|Any CPU
		{30219A3C-C84C-43F5-88C0-F08773AC87D3}.Release|x64.Build.0 = Release|Any CPU
		{30219A3C-C84C-43F5-88C0-F08773AC87D3}.Release|x86.ActiveCfg = Release|Any CPU
		{30219A3C-C84C-43F5-88C0-F08773AC87D3}.Release|x86.Build.0 = Release|Any CPU
		{4C7DA0B7-2383-4E51-9992-8A69F1DBA4A7}.Debug|Any CPU.ActiveCfg = Debug|Any CPU
		{4C7DA0B7-2383-4E51-9992-8A69F1DBA4A7}.Debug|Any CPU.Build.0 = Debug|Any CPU
		{4C7DA0B7-2383-4E51-9992-8A69F1DBA4A7}.Debug|x64.ActiveCfg = Debug|Any CPU
		{4C7DA0B7-2383-4E51-9992-8A69F1DBA4A7}.Debug|x64.Build.0 = Debug|Any CPU
		{4C7DA0B7-2383-4E51-9992-8A69F1DBA4A7}.Debug|x86.ActiveCfg = Debug|Any CPU
		{4C7DA0B7-2383-4E51-9992-8A69F1DBA4A7}.Debug|x86.Build.0 = Debug|Any CPU
		{4C7DA0B7-2383-4E51-9992-8A69F1DBA4A7}.Release|Any CPU.ActiveCfg = Release|Any CPU
		{4C7DA0B7-2383-4E51-9992-8A69F1DBA4A7}.Release|Any CPU.Build.0 = Release|Any CPU
		{4C7DA0B7-2383-4E51-9992-8A69F1DBA4A7}.Release|x64.ActiveCfg = Release|Any CPU
		{4C7DA0B7-2383-4E51-9992-8A69F1DBA4A7}.Release|x64.Build.0 = Release|Any CPU
		{4C7DA0B7-2383-4E51-9992-8A69F1DBA4A7}.Release|x86.ActiveCfg = Release|Any CPU
		{4C7DA0B7-2383-4E51-9992-8A69F1DBA4A7}.Release|x86.Build.0 = Release|Any CPU
		{FEDBAC0B-1236-4F5C-9A84-59D75C290B6A}.Debug|Any CPU.ActiveCfg = Debug|Any CPU
		{FEDBAC0B-1236-4F5C-9A84-59D75C290B6A}.Debug|Any CPU.Build.0 = Debug|Any CPU
		{FEDBAC0B-1236-4F5C-9A84-59D75C290B6A}.Debug|x64.ActiveCfg = Debug|Any CPU
		{FEDBAC0B-1236-4F5C-9A84-59D75C290B6A}.Debug|x64.Build.0 = Debug|Any CPU
		{FEDBAC0B-1236-4F5C-9A84-59D75C290B6A}.Debug|x86.ActiveCfg = Debug|Any CPU
		{FEDBAC0B-1236-4F5C-9A84-59D75C290B6A}.Debug|x86.Build.0 = Debug|Any CPU
		{FEDBAC0B-1236-4F5C-9A84-59D75C290B6A}.Release|Any CPU.ActiveCfg = Release|Any CPU
		{FEDBAC0B-1236-4F5C-9A84-59D75C290B6A}.Release|Any CPU.Build.0 = Release|Any CPU
		{FEDBAC0B-1236-4F5C-9A84-59D75C290B6A}.Release|x64.ActiveCfg = Release|Any CPU
		{FEDBAC0B-1236-4F5C-9A84-59D75C290B6A}.Release|x64.Build.0 = Release|Any CPU
		{FEDBAC0B-1236-4F5C-9A84-59D75C290B6A}.Release|x86.ActiveCfg = Release|Any CPU
		{FEDBAC0B-1236-4F5C-9A84-59D75C290B6A}.Release|x86.Build.0 = Release|Any CPU
		{BCE0E5D2-ABC2-4699-9AF1-DD820411CBC6}.Debug|Any CPU.ActiveCfg = Debug|Any CPU
		{BCE0E5D2-ABC2-4699-9AF1-DD820411CBC6}.Debug|Any CPU.Build.0 = Debug|Any CPU
		{BCE0E5D2-ABC2-4699-9AF1-DD820411CBC6}.Debug|x64.ActiveCfg = Debug|Any CPU
		{BCE0E5D2-ABC2-4699-9AF1-DD820411CBC6}.Debug|x64.Build.0 = Debug|Any CPU
		{BCE0E5D2-ABC2-4699-9AF1-DD820411CBC6}.Debug|x86.ActiveCfg = Debug|Any CPU
		{BCE0E5D2-ABC2-4699-9AF1-DD820411CBC6}.Debug|x86.Build.0 = Debug|Any CPU
		{BCE0E5D2-ABC2-4699-9AF1-DD820411CBC6}.Release|Any CPU.ActiveCfg = Release|Any CPU
		{BCE0E5D2-ABC2-4699-9AF1-DD820411CBC6}.Release|Any CPU.Build.0 = Release|Any CPU
		{BCE0E5D2-ABC2-4699-9AF1-DD820411CBC6}.Release|x64.ActiveCfg = Release|Any CPU
		{BCE0E5D2-ABC2-4699-9AF1-DD820411CBC6}.Release|x64.Build.0 = Release|Any CPU
		{BCE0E5D2-ABC2-4699-9AF1-DD820411CBC6}.Release|x86.ActiveCfg = Release|Any CPU
		{BCE0E5D2-ABC2-4699-9AF1-DD820411CBC6}.Release|x86.Build.0 = Release|Any CPU
		{253383A1-3FA7-4EA4-9615-E667809C74F5}.Debug|Any CPU.ActiveCfg = Debug|Any CPU
		{253383A1-3FA7-4EA4-9615-E667809C74F5}.Debug|Any CPU.Build.0 = Debug|Any CPU
		{253383A1-3FA7-4EA4-9615-E667809C74F5}.Debug|x64.ActiveCfg = Debug|Any CPU
		{253383A1-3FA7-4EA4-9615-E667809C74F5}.Debug|x64.Build.0 = Debug|Any CPU
		{253383A1-3FA7-4EA4-9615-E667809C74F5}.Debug|x86.ActiveCfg = Debug|Any CPU
		{253383A1-3FA7-4EA4-9615-E667809C74F5}.Debug|x86.Build.0 = Debug|Any CPU
		{253383A1-3FA7-4EA4-9615-E667809C74F5}.Release|Any CPU.ActiveCfg = Release|Any CPU
		{253383A1-3FA7-4EA4-9615-E667809C74F5}.Release|Any CPU.Build.0 = Release|Any CPU
		{253383A1-3FA7-4EA4-9615-E667809C74F5}.Release|x64.ActiveCfg = Release|Any CPU
		{253383A1-3FA7-4EA4-9615-E667809C74F5}.Release|x64.Build.0 = Release|Any CPU
		{253383A1-3FA7-4EA4-9615-E667809C74F5}.Release|x86.ActiveCfg = Release|Any CPU
		{253383A1-3FA7-4EA4-9615-E667809C74F5}.Release|x86.Build.0 = Release|Any CPU
	EndGlobalSection
	GlobalSection(SolutionProperties) = preSolution
		HideSolutionNode = FALSE
	EndGlobalSection
	GlobalSection(NestedProjects) = preSolution
		{21C68744-BD19-4716-92E1-0C90A6812925} = {92F112A9-0EB5-4D34-A7AE-A87EC722191C}
		{30219A3C-C84C-43F5-88C0-F08773AC87D3} = {8C4C95D0-DEE4-4477-88F4-74EFFB4072BD}
		{4C7DA0B7-2383-4E51-9992-8A69F1DBA4A7} = {8C4C95D0-DEE4-4477-88F4-74EFFB4072BD}
		{FEDBAC0B-1236-4F5C-9A84-59D75C290B6A} = {71F1455A-FD38-482E-A684-7F2AD667E79E}
		{BCE0E5D2-ABC2-4699-9AF1-DD820411CBC6} = {D1A37947-F195-4451-9F0D-378C0EEB6821}
		{253383A1-3FA7-4EA4-9615-E667809C74F5} = {F8318EBD-1802-4455-BC84-7BF180F66202}
	EndGlobalSection
	GlobalSection(ExtensibilityGlobals) = postSolution
		SolutionGuid = {DCDEB8DB-453C-4186-9E9F-B02376DF0B5E}
	EndGlobalSection
EndGlobal
